
Microsoft Visual Studio Solution File, Format Version 12.00
# Visual Studio Version 17
VisualStudioVersion = 17.9.34723.18
MinimumVisualStudioVersion = 10.0.40219.1
Project("{FAE04EC0-301F-11D3-BF4B-00C04F79EFBC}") = "azure-app-razor", "azure-app-razor\azure-app-razor.csproj", "{B38D66A8-126A-4787-9CD5-9885070AB35F}"
EndProject
Global
	GlobalSection(SolutionConfigurationPlatforms) = preSolution
		Debug|Any CPU = Debug|Any CPU
		Release|Any CPU = Release|Any CPU
	EndGlobalSection
	GlobalSection(ProjectConfigurationPlatforms) = postSolution
		{B38D66A8-126A-4787-9CD5-9885070AB35F}.Debug|Any CPU.ActiveCfg = Debug|Any CPU
		{B38D66A8-126A-4787-9CD5-9885070AB35F}.Debug|Any CPU.Build.0 = Debug|Any CPU
		{B38D66A8-126A-4787-9CD5-9885070AB35F}.Release|Any CPU.ActiveCfg = Release|Any CPU
		{B38D66A8-126A-4787-9CD5-9885070AB35F}.Release|Any CPU.Build.0 = Release|Any CPU
	EndGlobalSection
	GlobalSection(SolutionProperties) = preSolution
		HideSolutionNode = FALSE
	EndGlobalSection
	GlobalSection(ExtensibilityGlobals) = postSolution
		SolutionGuid = {28707B1F-7AA7-4C9D-B61E-6F80E1D9EB07}
	EndGlobalSection
EndGlobal
